{
  "originHash" : "04e090013d709561807182337856a1603e1079184dbf05b64ba8a8b304a42528",
  "pins" : [
    {
      "identity" : "swift-package-manager-google-interactive-media-ads-ios",
      "kind" : "remoteSourceControl",
      "location" : "https://github.com/googleads/swift-package-manager-google-interactive-media-ads-ios",
      "state" : {
        "revision" : "8f1713c329dba197a0fe1ae98797a93bf4239dd9",
        "version" : "3.24.0"
      }
    }
  ],
  "version" : 3
}
